
Microsoft Visual Studio Solution File, Format Version 12.00
# Visual Studio 15
VisualStudioVersion = 15.0.26730.16
MinimumVisualStudioVersion = 10.0.40219.1
Project("{FAE04EC0-301F-11D3-BF4B-00C04F79EFBC}") = "A-ZCamp", "A-ZCamp\A-ZCamp.csproj", "{B3AEA522-D4E4-4F1F-B498-729C83833A51}"
EndProject
Global
	GlobalSection(SolutionConfigurationPlatforms) = preSolution
		Debug|Any CPU = Debug|Any CPU
		Release|Any CPU = Release|Any CPU
	EndGlobalSection
	GlobalSection(ProjectConfigurationPlatforms) = postSolution
		{B3AEA522-D4E4-4F1F-B498-729C83833A51}.Debug|Any CPU.ActiveCfg = Debug|Any CPU
		{B3AEA522-D4E4-4F1F-B498-729C83833A51}.Debug|Any CPU.Build.0 = Debug|Any CPU
		{B3AEA522-D4E4-4F1F-B498-729C83833A51}.Release|Any CPU.ActiveCfg = Release|Any CPU
		{B3AEA522-D4E4-4F1F-B498-729C83833A51}.Release|Any CPU.Build.0 = Release|Any CPU
	EndGlobalSection
	GlobalSection(SolutionProperties) = preSolution
		HideSolutionNode = FALSE
	EndGlobalSection
	GlobalSection(ExtensibilityGlobals) = postSolution
		SolutionGuid = {C88C033D-5123-46D5-B0D4-6CADFC3127F9}
	EndGlobalSection
EndGlobal
